// !$*UTF8*$!
{
	archiveVersion = 1;
	classes = {
	};
	objectVersion = 46;
	objects = {

/* Begin PBXBuildFile section */
		2618D66A19BE5AAD009BBFBC /* NFLGameTableViewCell.m in Sources */ = {isa = PBXBuildFile; fileRef = 2618D66919BE5AAD009BBFBC /* NFLGameTableViewCell.m */; };
		2618D67619BEAA2A009BBFBC /* 49ers.png in Resources */ = {isa = PBXBuildFile; fileRef = 2618D66C19BEAA2A009BBFBC /* 49ers.png */; };
		2618D67719BEAA2A009BBFBC /* broncos.png in Resources */ = {isa = PBXBuildFile; fileRef = 2618D66D19BEAA2A009BBFBC /* broncos.png */; };
		2618D67819BEAA2A009BBFBC /* colts.png in Resources */ = {isa = PBXBuildFile; fileRef = 2618D66E19BEAA2A009BBFBC /* colts.png */; };
		2618D67919BEAA2A009BBFBC /* cowboys.png in Resources */ = {isa = PBXBuildFile; fileRef = 2618D66F19BEAA2A009BBFBC /* cowboys.png */; };
		2618D67A19BEAA2A009BBFBC /* falcons.png in Resources */ = {isa = PBXBuildFile; fileRef = 2618D67019BEAA2A009BBFBC /* falcons.png */; };
		2618D67B19BEAA2A009BBFBC /* jets.png in Resources */ = {isa = PBXBuildFile; fileRef = 2618D67119BEAA2A009BBFBC /* jets.png */; };
		2618D67C19BEAA2A009BBFBC /* packers.png in Resources */ = {isa = PBXBuildFile; fileRef = 2618D67219BEAA2A009BBFBC /* packers.png */; };
		2618D67D19BEAA2A009BBFBC /* raiders.png in Resources */ = {isa = PBXBuildFile; fileRef = 2618D67319BEAA2A009BBFBC /* raiders.png */; };
		2618D67E19BEAA2A009BBFBC /* saints.png in Resources */ = {isa = PBXBuildFile; fileRef = 2618D67419BEAA2A009BBFBC /* saints.png */; };
		2618D67F19BEAA2A009BBFBC /* seahawks.png in Resources */ = {isa = PBXBuildFile; fileRef = 2618D67519BEAA2A009BBFBC /* seahawks.png */; };
		2618D68219BEACD8009BBFBC /* GamesManager.m in Sources */ = {isa = PBXBuildFile; fileRef = 2618D68119BEACD8009BBFBC /* GamesManager.m */; };
		2653A29019BDE213005628E0 /* GameStats.m in Sources */ = {isa = PBXBuildFile; fileRef = 2653A28F19BDE213005628E0 /* GameStats.m */; };
		2653A29319BE548B005628E0 /* LeftMenuViewController.m in Sources */ = {isa = PBXBuildFile; fileRef = 2653A29219BE548B005628E0 /* LeftMenuViewController.m */; };
		268DFFFA19BF484500D13607 /* MenusManager.m in Sources */ = {isa = PBXBuildFile; fileRef = 268DFFF919BF484500D13607 /* MenusManager.m */; };
		268DFFFC19BF4F9700D13607 /* logoNFL.png in Resources */ = {isa = PBXBuildFile; fileRef = 268DFFFB19BF4F9700D13607 /* logoNFL.png */; };
		E14E30C419BBCCB200F6693A /* Foundation.framework in Frameworks */ = {isa = PBXBuildFile; fileRef = E14E30C319BBCCB200F6693A /* Foundation.framework */; };
		E14E30C619BBCCB200F6693A /* CoreGraphics.framework in Frameworks */ = {isa = PBXBuildFile; fileRef = E14E30C519BBCCB200F6693A /* CoreGraphics.framework */; };
		E14E30C819BBCCB200F6693A /* UIKit.framework in Frameworks */ = {isa = PBXBuildFile; fileRef = E14E30C719BBCCB200F6693A /* UIKit.framework */; };
		E14E30CE19BBCCB200F6693A /* InfoPlist.strings in Resources */ = {isa = PBXBuildFile; fileRef = E14E30CC19BBCCB200F6693A /* InfoPlist.strings */; };
		E14E30D019BBCCB200F6693A /* main.m in Sources */ = {isa = PBXBuildFile; fileRef = E14E30CF19BBCCB200F6693A /* main.m */; };
		E14E30D419BBCCB200F6693A /* AppDelegate.m in Sources */ = {isa = PBXBuildFile; fileRef = E14E30D319BBCCB200F6693A /* AppDelegate.m */; };
		E14E30D719BBCCB200F6693A /* Main_iPhone.storyboard in Resources */ = {isa = PBXBuildFile; fileRef = E14E30D519BBCCB200F6693A /* Main_iPhone.storyboard */; };
		E14E30DA19BBCCB200F6693A /* Main_iPad.storyboard in Resources */ = {isa = PBXBuildFile; fileRef = E14E30D819BBCCB200F6693A /* Main_iPad.storyboard */; };
		E14E30DD19BBCCB200F6693A /* ViewController.m in Sources */ = {isa = PBXBuildFile; fileRef = E14E30DC19BBCCB200F6693A /* ViewController.m */; };
		E14E30DF19BBCCB200F6693A /* Images.xcassets in Resources */ = {isa = PBXBuildFile; fileRef = E14E30DE19BBCCB200F6693A /* Images.xcassets */; };
		E14E30E619BBCCB200F6693A /* XCTest.framework in Frameworks */ = {isa = PBXBuildFile; fileRef = E14E30E519BBCCB200F6693A /* XCTest.framework */; };
		E14E30E719BBCCB200F6693A /* Foundation.framework in Frameworks */ = {isa = PBXBuildFile; fileRef = E14E30C319BBCCB200F6693A /* Foundation.framework */; };
		E14E30E819BBCCB200F6693A /* UIKit.framework in Frameworks */ = {isa = PBXBuildFile; fileRef = E14E30C719BBCCB200F6693A /* UIKit.framework */; };
		E14E30F019BBCCB200F6693A /* InfoPlist.strings in Resources */ = {isa = PBXBuildFile; fileRef = E14E30EE19BBCCB200F6693A /* InfoPlist.strings */; };
		E14E30F219BBCCB200F6693A /* MAC_NFL_DemoTests.m in Sources */ = {isa = PBXBuildFile; fileRef = E14E30F119BBCCB200F6693A /* MAC_NFL_DemoTests.m */; };
		E1B45D4B19BBD3BD00266893 /* YouTubeWebView.m in Sources */ = {isa = PBXBuildFile; fileRef = E1B45D4A19BBD3BD00266893 /* YouTubeWebView.m */; };
		E1B45D5419BBD56100266893 /* RightMenuViewController.m in Sources */ = {isa = PBXBuildFile; fileRef = E1B45D5319BBD56100266893 /* RightMenuViewController.m */; };
		E1B45D5D19BBD6D500266893 /* StatsViewController.m in Sources */ = {isa = PBXBuildFile; fileRef = E1B45D5C19BBD6D500266893 /* StatsViewController.m */; };
		E1B45D6019BBD6E800266893 /* MyPlayerViewController.m in Sources */ = {isa = PBXBuildFile; fileRef = E1B45D5F19BBD6E800266893 /* MyPlayerViewController.m */; };
		E1B45D6219BBD77300266893 /* Games.plist in Resources */ = {isa = PBXBuildFile; fileRef = E1B45D6119BBD77300266893 /* Games.plist */; };
		E1B45D6419BBE3A600266893 /* Players.plist in Resources */ = {isa = PBXBuildFile; fileRef = E1B45D6319BBE3A600266893 /* Players.plist */; };
		E1B45D6719BD58A200266893 /* Player.m in Sources */ = {isa = PBXBuildFile; fileRef = E1B45D6619BD58A200266893 /* Player.m */; };
		E1B45D6D19BD592800266893 /* Game.m in Sources */ = {isa = PBXBuildFile; fileRef = E1B45D6C19BD592800266893 /* Game.m */; };
/* End PBXBuildFile section */

/* Begin PBXContainerItemProxy section */
		E14E30E919BBCCB200F6693A /* PBXContainerItemProxy */ = {
			isa = PBXContainerItemProxy;
			containerPortal = E14E30B819BBCCB200F6693A /* Project object */;
			proxyType = 1;
			remoteGlobalIDString = E14E30BF19BBCCB200F6693A;
			remoteInfo = MAC_NFL_Demo;
		};
/* End PBXContainerItemProxy section */

/* Begin PBXFileReference section */
		2618D66819BE5AAD009BBFBC /* NFLGameTableViewCell.h */ = {isa = PBXFileReference; fileEncoding = 4; lastKnownFileType = sourcecode.c.h; path = NFLGameTableViewCell.h; sourceTree = "<group>"; };
		2618D66919BE5AAD009BBFBC /* NFLGameTableViewCell.m */ = {isa = PBXFileReference; fileEncoding = 4; lastKnownFileType = sourcecode.c.objc; path = NFLGameTableViewCell.m; sourceTree = "<group>"; };
		2618D66C19BEAA2A009BBFBC /* 49ers.png */ = {isa = PBXFileReference; lastKnownFileType = image.png; path = 49ers.png; sourceTree = "<group>"; };
		2618D66D19BEAA2A009BBFBC /* broncos.png */ = {isa = PBXFileReference; lastKnownFileType = image.png; path = broncos.png; sourceTree = "<group>"; };
		2618D66E19BEAA2A009BBFBC /* colts.png */ = {isa = PBXFileReference; lastKnownFileType = image.png; path = colts.png; sourceTree = "<group>"; };
		2618D66F19BEAA2A009BBFBC /* cowboys.png */ = {isa = PBXFileReference; lastKnownFileType = image.png; path = cowboys.png; sourceTree = "<group>"; };
		2618D67019BEAA2A009BBFBC /* falcons.png */ = {isa = PBXFileReference; lastKnownFileType = image.png; path = falcons.png; sourceTree = "<group>"; };
		2618D67119BEAA2A009BBFBC /* jets.png */ = {isa = PBXFileReference; lastKnownFileType = image.png; path = jets.png; sourceTree = "<group>"; };
		2618D67219BEAA2A009BBFBC /* packers.png */ = {isa = PBXFileReference; lastKnownFileType = image.png; path = packers.png; sourceTree = "<group>"; };
		2618D67319BEAA2A009BBFBC /* raiders.png */ = {isa = PBXFileReference; lastKnownFileType = image.png; path = raiders.png; sourceTree = "<group>"; };
		2618D67419BEAA2A009BBFBC /* saints.png */ = {isa = PBXFileReference; lastKnownFileType = image.png; path = saints.png; sourceTree = "<group>"; };
		2618D67519BEAA2A009BBFBC /* seahawks.png */ = {isa = PBXFileReference; lastKnownFileType = image.png; path = seahawks.png; sourceTree = "<group>"; };
		2618D68019BEACD8009BBFBC /* GamesManager.h */ = {isa = PBXFileReference; fileEncoding = 4; lastKnownFileType = sourcecode.c.h; path = GamesManager.h; sourceTree = "<group>"; };
		2618D68119BEACD8009BBFBC /* GamesManager.m */ = {isa = PBXFileReference; fileEncoding = 4; lastKnownFileType = sourcecode.c.objc; path = GamesManager.m; sourceTree = "<group>"; };
		2653A28E19BDE213005628E0 /* GameStats.h */ = {isa = PBXFileReference; fileEncoding = 4; lastKnownFileType = sourcecode.c.h; path = GameStats.h; sourceTree = "<group>"; };
		2653A28F19BDE213005628E0 /* GameStats.m */ = {isa = PBXFileReference; fileEncoding = 4; lastKnownFileType = sourcecode.c.objc; path = GameStats.m; sourceTree = "<group>"; };
		2653A29119BE548B005628E0 /* LeftMenuViewController.h */ = {isa = PBXFileReference; fileEncoding = 4; lastKnownFileType = sourcecode.c.h; path = LeftMenuViewController.h; sourceTree = "<group>"; };
		2653A29219BE548B005628E0 /* LeftMenuViewController.m */ = {isa = PBXFileReference; fileEncoding = 4; lastKnownFileType = sourcecode.c.objc; path = LeftMenuViewController.m; sourceTree = "<group>"; };
		268DFFF819BF484500D13607 /* MenusManager.h */ = {isa = PBXFileReference; fileEncoding = 4; lastKnownFileType = sourcecode.c.h; path = MenusManager.h; sourceTree = "<group>"; };
		268DFFF919BF484500D13607 /* MenusManager.m */ = {isa = PBXFileReference; fileEncoding = 4; lastKnownFileType = sourcecode.c.objc; path = MenusManager.m; sourceTree = "<group>"; };
		268DFFFB19BF4F9700D13607 /* logoNFL.png */ = {isa = PBXFileReference; lastKnownFileType = image.png; path = logoNFL.png; sourceTree = "<group>"; };
		E14E30C019BBCCB200F6693A /* MAC_NFL_Demo.app */ = {isa = PBXFileReference; explicitFileType = wrapper.application; includeInIndex = 0; path = MAC_NFL_Demo.app; sourceTree = BUILT_PRODUCTS_DIR; };
		E14E30C319BBCCB200F6693A /* Foundation.framework */ = {isa = PBXFileReference; lastKnownFileType = wrapper.framework; name = Foundation.framework; path = System/Library/Frameworks/Foundation.framework; sourceTree = SDKROOT; };
		E14E30C519BBCCB200F6693A /* CoreGraphics.framework */ = {isa = PBXFileReference; lastKnownFileType = wrapper.framework; name = CoreGraphics.framework; path = System/Library/Frameworks/CoreGraphics.framework; sourceTree = SDKROOT; };
		E14E30C719BBCCB200F6693A /* UIKit.framework */ = {isa = PBXFileReference; lastKnownFileType = wrapper.framework; name = UIKit.framework; path = System/Library/Frameworks/UIKit.framework; sourceTree = SDKROOT; };
		E14E30CB19BBCCB200F6693A /* MAC_NFL_Demo-Info.plist */ = {isa = PBXFileReference; lastKnownFileType = text.plist.xml; path = "MAC_NFL_Demo-Info.plist"; sourceTree = "<group>"; };
		E14E30CD19BBCCB200F6693A /* en */ = {isa = PBXFileReference; lastKnownFileType = text.plist.strings; name = en; path = en.lproj/InfoPlist.strings; sourceTree = "<group>"; };
		E14E30CF19BBCCB200F6693A /* main.m */ = {isa = PBXFileReference; lastKnownFileType = sourcecode.c.objc; path = main.m; sourceTree = "<group>"; };
		E14E30D119BBCCB200F6693A /* MAC_NFL_Demo-Prefix.pch */ = {isa = PBXFileReference; lastKnownFileType = sourcecode.c.h; path = "MAC_NFL_Demo-Prefix.pch"; sourceTree = "<group>"; };
		E14E30D219BBCCB200F6693A /* AppDelegate.h */ = {isa = PBXFileReference; lastKnownFileType = sourcecode.c.h; path = AppDelegate.h; sourceTree = "<group>"; };
		E14E30D319BBCCB200F6693A /* AppDelegate.m */ = {isa = PBXFileReference; lastKnownFileType = sourcecode.c.objc; path = AppDelegate.m; sourceTree = "<group>"; };
		E14E30D619BBCCB200F6693A /* Base */ = {isa = PBXFileReference; lastKnownFileType = file.storyboard; name = Base; path = Base.lproj/Main_iPhone.storyboard; sourceTree = "<group>"; };
		E14E30D919BBCCB200F6693A /* Base */ = {isa = PBXFileReference; lastKnownFileType = file.storyboard; name = Base; path = Base.lproj/Main_iPad.storyboard; sourceTree = "<group>"; };
		E14E30DB19BBCCB200F6693A /* ViewController.h */ = {isa = PBXFileReference; lastKnownFileType = sourcecode.c.h; path = ViewController.h; sourceTree = "<group>"; };
		E14E30DC19BBCCB200F6693A /* ViewController.m */ = {isa = PBXFileReference; lastKnownFileType = sourcecode.c.objc; path = ViewController.m; sourceTree = "<group>"; };
		E14E30DE19BBCCB200F6693A /* Images.xcassets */ = {isa = PBXFileReference; lastKnownFileType = folder.assetcatalog; path = Images.xcassets; sourceTree = "<group>"; };
		E14E30E419BBCCB200F6693A /* MAC_NFL_DemoTests.xctest */ = {isa = PBXFileReference; explicitFileType = wrapper.cfbundle; includeInIndex = 0; path = MAC_NFL_DemoTests.xctest; sourceTree = BUILT_PRODUCTS_DIR; };
		E14E30E519BBCCB200F6693A /* XCTest.framework */ = {isa = PBXFileReference; lastKnownFileType = wrapper.framework; name = XCTest.framework; path = Library/Frameworks/XCTest.framework; sourceTree = DEVELOPER_DIR; };
		E14E30ED19BBCCB200F6693A /* MAC_NFL_DemoTests-Info.plist */ = {isa = PBXFileReference; lastKnownFileType = text.plist.xml; path = "MAC_NFL_DemoTests-Info.plist"; sourceTree = "<group>"; };
		E14E30EF19BBCCB200F6693A /* en */ = {isa = PBXFileReference; lastKnownFileType = text.plist.strings; name = en; path = en.lproj/InfoPlist.strings; sourceTree = "<group>"; };
		E14E30F119BBCCB200F6693A /* MAC_NFL_DemoTests.m */ = {isa = PBXFileReference; lastKnownFileType = sourcecode.c.objc; path = MAC_NFL_DemoTests.m; sourceTree = "<group>"; };
		E1B45D4919BBD3BD00266893 /* YouTubeWebView.h */ = {isa = PBXFileReference; fileEncoding = 4; lastKnownFileType = sourcecode.c.h; path = YouTubeWebView.h; sourceTree = "<group>"; };
		E1B45D4A19BBD3BD00266893 /* YouTubeWebView.m */ = {isa = PBXFileReference; fileEncoding = 4; lastKnownFileType = sourcecode.c.objc; path = YouTubeWebView.m; sourceTree = "<group>"; };
		E1B45D5219BBD56100266893 /* RightMenuViewController.h */ = {isa = PBXFileReference; fileEncoding = 4; lastKnownFileType = sourcecode.c.h; path = RightMenuViewController.h; sourceTree = "<group>"; };
		E1B45D5319BBD56100266893 /* RightMenuViewController.m */ = {isa = PBXFileReference; fileEncoding = 4; lastKnownFileType = sourcecode.c.objc; path = RightMenuViewController.m; sourceTree = "<group>"; };
		E1B45D5B19BBD6D500266893 /* StatsViewController.h */ = {isa = PBXFileReference; fileEncoding = 4; lastKnownFileType = sourcecode.c.h; path = StatsViewController.h; sourceTree = "<group>"; };
		E1B45D5C19BBD6D500266893 /* StatsViewController.m */ = {isa = PBXFileReference; fileEncoding = 4; lastKnownFileType = sourcecode.c.objc; path = StatsViewController.m; sourceTree = "<group>"; };
		E1B45D5E19BBD6E800266893 /* MyPlayerViewController.h */ = {isa = PBXFileReference; fileEncoding = 4; lastKnownFileType = sourcecode.c.h; path = MyPlayerViewController.h; sourceTree = "<group>"; };
		E1B45D5F19BBD6E800266893 /* MyPlayerViewController.m */ = {isa = PBXFileReference; fileEncoding = 4; lastKnownFileType = sourcecode.c.objc; path = MyPlayerViewController.m; sourceTree = "<group>"; };
		E1B45D6119BBD77300266893 /* Games.plist */ = {isa = PBXFileReference; fileEncoding = 4; lastKnownFileType = text.plist.xml; path = Games.plist; sourceTree = "<group>"; };
		E1B45D6319BBE3A600266893 /* Players.plist */ = {isa = PBXFileReference; fileEncoding = 4; lastKnownFileType = text.plist.xml; path = Players.plist; sourceTree = "<group>"; };
		E1B45D6519BD58A200266893 /* Player.h */ = {isa = PBXFileReference; fileEncoding = 4; lastKnownFileType = sourcecode.c.h; path = Player.h; sourceTree = "<group>"; };
		E1B45D6619BD58A200266893 /* Player.m */ = {isa = PBXFileReference; fileEncoding = 4; lastKnownFileType = sourcecode.c.objc; path = Player.m; sourceTree = "<group>"; };
		E1B45D6B19BD592800266893 /* Game.h */ = {isa = PBXFileReference; fileEncoding = 4; lastKnownFileType = sourcecode.c.h; path = Game.h; sourceTree = "<group>"; };
		E1B45D6C19BD592800266893 /* Game.m */ = {isa = PBXFileReference; fileEncoding = 4; lastKnownFileType = sourcecode.c.objc; path = Game.m; sourceTree = "<group>"; };
/* End PBXFileReference section */

/* Begin PBXFrameworksBuildPhase section */
		E14E30BD19BBCCB200F6693A /* Frameworks */ = {
			isa = PBXFrameworksBuildPhase;
			buildActionMask = 2147483647;
			files = (
				E14E30C619BBCCB200F6693A /* CoreGraphics.framework in Frameworks */,
				E14E30C819BBCCB200F6693A /* UIKit.framework in Frameworks */,
				E14E30C419BBCCB200F6693A /* Foundation.framework in Frameworks */,
			);
			runOnlyForDeploymentPostprocessing = 0;
		};
		E14E30E119BBCCB200F6693A /* Frameworks */ = {
			isa = PBXFrameworksBuildPhase;
			buildActionMask = 2147483647;
			files = (
				E14E30E619BBCCB200F6693A /* XCTest.framework in Frameworks */,
				E14E30E819BBCCB200F6693A /* UIKit.framework in Frameworks */,
				E14E30E719BBCCB200F6693A /* Foundation.framework in Frameworks */,
			);
			runOnlyForDeploymentPostprocessing = 0;
		};
/* End PBXFrameworksBuildPhase section */

/* Begin PBXGroup section */
		2618D66B19BEAA2A009BBFBC /* NFLImages */ = {
			isa = PBXGroup;
			children = (
				268DFFFB19BF4F9700D13607 /* logoNFL.png */,
				2618D66C19BEAA2A009BBFBC /* 49ers.png */,
				2618D66D19BEAA2A009BBFBC /* broncos.png */,
				2618D66E19BEAA2A009BBFBC /* colts.png */,
				2618D66F19BEAA2A009BBFBC /* cowboys.png */,
				2618D67019BEAA2A009BBFBC /* falcons.png */,
				2618D67119BEAA2A009BBFBC /* jets.png */,
				2618D67219BEAA2A009BBFBC /* packers.png */,
				2618D67319BEAA2A009BBFBC /* raiders.png */,
				2618D67419BEAA2A009BBFBC /* saints.png */,
				2618D67519BEAA2A009BBFBC /* seahawks.png */,
			);
			path = NFLImages;
			sourceTree = "<group>";
		};
		E14E30B719BBCCB200F6693A = {
			isa = PBXGroup;
			children = (
				E14E30C919BBCCB200F6693A /* MAC_NFL_Demo */,
				E14E30EB19BBCCB200F6693A /* MAC_NFL_DemoTests */,
				E14E30C219BBCCB200F6693A /* Frameworks */,
				E14E30C119BBCCB200F6693A /* Products */,
			);
			sourceTree = "<group>";
		};
		E14E30C119BBCCB200F6693A /* Products */ = {
			isa = PBXGroup;
			children = (
				E14E30C019BBCCB200F6693A /* MAC_NFL_Demo.app */,
				E14E30E419BBCCB200F6693A /* MAC_NFL_DemoTests.xctest */,
			);
			name = Products;
			sourceTree = "<group>";
		};
		E14E30C219BBCCB200F6693A /* Frameworks */ = {
			isa = PBXGroup;
			children = (
				E14E30C319BBCCB200F6693A /* Foundation.framework */,
				E14E30C519BBCCB200F6693A /* CoreGraphics.framework */,
				E14E30C719BBCCB200F6693A /* UIKit.framework */,
				E14E30E519BBCCB200F6693A /* XCTest.framework */,
			);
			name = Frameworks;
			sourceTree = "<group>";
		};
		E14E30C919BBCCB200F6693A /* MAC_NFL_Demo */ = {
			isa = PBXGroup;
			children = (
				E1B45D4E19BBD3E800266893 /* Center */,
				E1B45D4D19BBD3DA00266893 /* Right Menu */,
				E1B45D4C19BBD3CD00266893 /* Left Menu */,
				E14E30D219BBCCB200F6693A /* AppDelegate.h */,
				E14E30D319BBCCB200F6693A /* AppDelegate.m */,
				E14E30D519BBCCB200F6693A /* Main_iPhone.storyboard */,
				E14E30D819BBCCB200F6693A /* Main_iPad.storyboard */,
				E14E30DE19BBCCB200F6693A /* Images.xcassets */,
				E14E30CA19BBCCB200F6693A /* Supporting Files */,
			);
			path = MAC_NFL_Demo;
			sourceTree = "<group>";
		};
		E14E30CA19BBCCB200F6693A /* Supporting Files */ = {
			isa = PBXGroup;
			children = (
				2618D66B19BEAA2A009BBFBC /* NFLImages */,
				E14E30CB19BBCCB200F6693A /* MAC_NFL_Demo-Info.plist */,
				E14E30CC19BBCCB200F6693A /* InfoPlist.strings */,
				E14E30CF19BBCCB200F6693A /* main.m */,
				E14E30D119BBCCB200F6693A /* MAC_NFL_Demo-Prefix.pch */,
			);
			name = "Supporting Files";
			sourceTree = "<group>";
		};
		E14E30EB19BBCCB200F6693A /* MAC_NFL_DemoTests */ = {
			isa = PBXGroup;
			children = (
				E14E30F119BBCCB200F6693A /* MAC_NFL_DemoTests.m */,
				E14E30EC19BBCCB200F6693A /* Supporting Files */,
			);
			path = MAC_NFL_DemoTests;
			sourceTree = "<group>";
		};
		E14E30EC19BBCCB200F6693A /* Supporting Files */ = {
			isa = PBXGroup;
			children = (
				E14E30ED19BBCCB200F6693A /* MAC_NFL_DemoTests-Info.plist */,
				E14E30EE19BBCCB200F6693A /* InfoPlist.strings */,
			);
			name = "Supporting Files";
			sourceTree = "<group>";
		};
		E1B45D4C19BBD3CD00266893 /* Left Menu */ = {
			isa = PBXGroup;
			children = (
				2618D68019BEACD8009BBFBC /* GamesManager.h */,
				2618D68119BEACD8009BBFBC /* GamesManager.m */,
				E1B45D6119BBD77300266893 /* Games.plist */,
				E1B45D6B19BD592800266893 /* Game.h */,
				E1B45D6C19BD592800266893 /* Game.m */,
				2653A28E19BDE213005628E0 /* GameStats.h */,
				2653A28F19BDE213005628E0 /* GameStats.m */,
				2653A29119BE548B005628E0 /* LeftMenuViewController.h */,
				2653A29219BE548B005628E0 /* LeftMenuViewController.m */,
				2618D66819BE5AAD009BBFBC /* NFLGameTableViewCell.h */,
				2618D66919BE5AAD009BBFBC /* NFLGameTableViewCell.m */,
			);
			name = "Left Menu";
			sourceTree = "<group>";
		};
		E1B45D4D19BBD3DA00266893 /* Right Menu */ = {
			isa = PBXGroup;
			children = (
				E1B45D5219BBD56100266893 /* RightMenuViewController.h */,
				E1B45D5319BBD56100266893 /* RightMenuViewController.m */,
				E1B45D5B19BBD6D500266893 /* StatsViewController.h */,
				E1B45D5C19BBD6D500266893 /* StatsViewController.m */,
				E1B45D5E19BBD6E800266893 /* MyPlayerViewController.h */,
				E1B45D5F19BBD6E800266893 /* MyPlayerViewController.m */,
				E1B45D6319BBE3A600266893 /* Players.plist */,
				E1B45D6519BD58A200266893 /* Player.h */,
				E1B45D6619BD58A200266893 /* Player.m */,
			);
			name = "Right Menu";
			sourceTree = "<group>";
		};
		E1B45D4E19BBD3E800266893 /* Center */ = {
			isa = PBXGroup;
			children = (
				E14E30DB19BBCCB200F6693A /* ViewController.h */,
				E14E30DC19BBCCB200F6693A /* ViewController.m */,
				E1B45D4919BBD3BD00266893 /* YouTubeWebView.h */,
				E1B45D4A19BBD3BD00266893 /* YouTubeWebView.m */,
				268DFFF819BF484500D13607 /* MenusManager.h */,
				268DFFF919BF484500D13607 /* MenusManager.m */,
			);
			name = Center;
			sourceTree = "<group>";
		};
/* End PBXGroup section */

/* Begin PBXNativeTarget section */
		E14E30BF19BBCCB200F6693A /* MAC_NFL_Demo */ = {
			isa = PBXNativeTarget;
			buildConfigurationList = E14E30F519BBCCB200F6693A /* Build configuration list for PBXNativeTarget "MAC_NFL_Demo" */;
			buildPhases = (
				E14E30BC19BBCCB200F6693A /* Sources */,
				E14E30BD19BBCCB200F6693A /* Frameworks */,
				E14E30BE19BBCCB200F6693A /* Resources */,
			);
			buildRules = (
			);
			dependencies = (
			);
			name = MAC_NFL_Demo;
			productName = MAC_NFL_Demo;
			productReference = E14E30C019BBCCB200F6693A /* MAC_NFL_Demo.app */;
			productType = "com.apple.product-type.application";
		};
		E14E30E319BBCCB200F6693A /* MAC_NFL_DemoTests */ = {
			isa = PBXNativeTarget;
			buildConfigurationList = E14E30F819BBCCB200F6693A /* Build configuration list for PBXNativeTarget "MAC_NFL_DemoTests" */;
			buildPhases = (
				E14E30E019BBCCB200F6693A /* Sources */,
				E14E30E119BBCCB200F6693A /* Frameworks */,
				E14E30E219BBCCB200F6693A /* Resources */,
			);
			buildRules = (
			);
			dependencies = (
				E14E30EA19BBCCB200F6693A /* PBXTargetDependency */,
			);
			name = MAC_NFL_DemoTests;
			productName = MAC_NFL_DemoTests;
			productReference = E14E30E419BBCCB200F6693A /* MAC_NFL_DemoTests.xctest */;
			productType = "com.apple.product-type.bundle.unit-test";
		};
/* End PBXNativeTarget section */

/* Begin PBXProject section */
		E14E30B819BBCCB200F6693A /* Project object */ = {
			isa = PBXProject;
			attributes = {
				LastUpgradeCheck = 0510;
				ORGANIZATIONNAME = RGG;
				TargetAttributes = {
					E14E30E319BBCCB200F6693A = {
						TestTargetID = E14E30BF19BBCCB200F6693A;
					};
				};
			};
			buildConfigurationList = E14E30BB19BBCCB200F6693A /* Build configuration list for PBXProject "MAC_NFL_Demo" */;
			compatibilityVersion = "Xcode 3.2";
			developmentRegion = English;
			hasScannedForEncodings = 0;
			knownRegions = (
				en,
				Base,
			);
			mainGroup = E14E30B719BBCCB200F6693A;
			productRefGroup = E14E30C119BBCCB200F6693A /* Products */;
			projectDirPath = "";
			projectRoot = "";
			targets = (
				E14E30BF19BBCCB200F6693A /* MAC_NFL_Demo */,
				E14E30E319BBCCB200F6693A /* MAC_NFL_DemoTests */,
			);
		};
/* End PBXProject section */

/* Begin PBXResourcesBuildPhase section */
		E14E30BE19BBCCB200F6693A /* Resources */ = {
			isa = PBXResourcesBuildPhase;
			buildActionMask = 2147483647;
			files = (
				2618D67E19BEAA2A009BBFBC /* saints.png in Resources */,
				2618D67919BEAA2A009BBFBC /* cowboys.png in Resources */,
				2618D67C19BEAA2A009BBFBC /* packers.png in Resources */,
				2618D67D19BEAA2A009BBFBC /* raiders.png in Resources */,
				2618D67819BEAA2A009BBFBC /* colts.png in Resources */,
				E14E30DA19BBCCB200F6693A /* Main_iPad.storyboard in Resources */,
				2618D67F19BEAA2A009BBFBC /* seahawks.png in Resources */,
				E14E30DF19BBCCB200F6693A /* Images.xcassets in Resources */,
				E14E30D719BBCCB200F6693A /* Main_iPhone.storyboard in Resources */,
				2618D67B19BEAA2A009BBFBC /* jets.png in Resources */,
				2618D67619BEAA2A009BBFBC /* 49ers.png in Resources */,
				2618D67719BEAA2A009BBFBC /* broncos.png in Resources */,
				E1B45D6419BBE3A600266893 /* Players.plist in Resources */,
				E1B45D6219BBD77300266893 /* Games.plist in Resources */,
				E14E30CE19BBCCB200F6693A /* InfoPlist.strings in Resources */,
				268DFFFC19BF4F9700D13607 /* logoNFL.png in Resources */,
				2618D67A19BEAA2A009BBFBC /* falcons.png in Resources */,
			);
			runOnlyForDeploymentPostprocessing = 0;
		};
		E14E30E219BBCCB200F6693A /* Resources */ = {
			isa = PBXResourcesBuildPhase;
			buildActionMask = 2147483647;
			files = (
				E14E30F019BBCCB200F6693A /* InfoPlist.strings in Resources */,
			);
			runOnlyForDeploymentPostprocessing = 0;
		};
/* End PBXResourcesBuildPhase section */

/* Begin PBXSourcesBuildPhase section */
		E14E30BC19BBCCB200F6693A /* Sources */ = {
			isa = PBXSourcesBuildPhase;
			buildActionMask = 2147483647;
			files = (
				E1B45D5419BBD56100266893 /* RightMenuViewController.m in Sources */,
				E1B45D6D19BD592800266893 /* Game.m in Sources */,
				2618D68219BEACD8009BBFBC /* GamesManager.m in Sources */,
				E14E30DD19BBCCB200F6693A /* ViewController.m in Sources */,
				268DFFFA19BF484500D13607 /* MenusManager.m in Sources */,
				E1B45D6019BBD6E800266893 /* MyPlayerViewController.m in Sources */,
				2618D66A19BE5AAD009BBFBC /* NFLGameTableViewCell.m in Sources */,
				E1B45D6719BD58A200266893 /* Player.m in Sources */,
				E1B45D4B19BBD3BD00266893 /* YouTubeWebView.m in Sources */,
				2653A29019BDE213005628E0 /* GameStats.m in Sources */,
				E14E30D419BBCCB200F6693A /* AppDelegate.m in Sources */,
				E1B45D5D19BBD6D500266893 /* StatsViewController.m in Sources */,
				2653A29319BE548B005628E0 /* LeftMenuViewController.m in Sources */,
				E14E30D019BBCCB200F6693A /* main.m in Sources */,
			);
			runOnlyForDeploymentPostprocessing = 0;
		};
		E14E30E019BBCCB200F6693A /* Sources */ = {
			isa = PBXSourcesBuildPhase;
			buildActionMask = 2147483647;
			files = (
				E14E30F219BBCCB200F6693A /* MAC_NFL_DemoTests.m in Sources */,
			);
			runOnlyForDeploymentPostprocessing = 0;
		};
/* End PBXSourcesBuildPhase section */

/* Begin PBXTargetDependency section */
		E14E30EA19BBCCB200F6693A /* PBXTargetDependency */ = {
			isa = PBXTargetDependency;
			target = E14E30BF19BBCCB200F6693A /* MAC_NFL_Demo */;
			targetProxy = E14E30E919BBCCB200F6693A /* PBXContainerItemProxy */;
		};
/* End PBXTargetDependency section */

/* Begin PBXVariantGroup section */
		E14E30CC19BBCCB200F6693A /* InfoPlist.strings */ = {
			isa = PBXVariantGroup;
			children = (
				E14E30CD19BBCCB200F6693A /* en */,
			);
			name = InfoPlist.strings;
			sourceTree = "<group>";
		};
		E14E30D519BBCCB200F6693A /* Main_iPhone.storyboard */ = {
			isa = PBXVariantGroup;
			children = (
				E14E30D619BBCCB200F6693A /* Base */,
			);
			name = Main_iPhone.storyboard;
			sourceTree = "<group>";
		};
		E14E30D819BBCCB200F6693A /* Main_iPad.storyboard */ = {
			isa = PBXVariantGroup;
			children = (
				E14E30D919BBCCB200F6693A /* Base */,
			);
			name = Main_iPad.storyboard;
			sourceTree = "<group>";
		};
		E14E30EE19BBCCB200F6693A /* InfoPlist.strings */ = {
			isa = PBXVariantGroup;
			children = (
				E14E30EF19BBCCB200F6693A /* en */,
			);
			name = InfoPlist.strings;
			sourceTree = "<group>";
		};
/* End PBXVariantGroup section */

/* Begin XCBuildConfiguration section */
		E14E30F319BBCCB200F6693A /* Debug */ = {
			isa = XCBuildConfiguration;
			buildSettings = {
				ALWAYS_SEARCH_USER_PATHS = NO;
				CLANG_CXX_LANGUAGE_STANDARD = "gnu++0x";
				CLANG_CXX_LIBRARY = "libc++";
				CLANG_ENABLE_MODULES = YES;
				CLANG_ENABLE_OBJC_ARC = YES;
				CLANG_WARN_BOOL_CONVERSION = YES;
				CLANG_WARN_CONSTANT_CONVERSION = YES;
				CLANG_WARN_DIRECT_OBJC_ISA_USAGE = YES_ERROR;
				CLANG_WARN_EMPTY_BODY = YES;
				CLANG_WARN_ENUM_CONVERSION = YES;
				CLANG_WARN_INT_CONVERSION = YES;
				CLANG_WARN_OBJC_ROOT_CLASS = YES_ERROR;
				CLANG_WARN__DUPLICATE_METHOD_MATCH = YES;
				"CODE_SIGN_IDENTITY[sdk=iphoneos*]" = "iPhone Developer";
				COPY_PHASE_STRIP = NO;
				GCC_C_LANGUAGE_STANDARD = gnu99;
				GCC_DYNAMIC_NO_PIC = NO;
				GCC_OPTIMIZATION_LEVEL = 0;
				GCC_PREPROCESSOR_DEFINITIONS = (
					"DEBUG=1",
					"$(inherited)",
				);
				GCC_SYMBOLS_PRIVATE_EXTERN = NO;
				GCC_WARN_64_TO_32_BIT_CONVERSION = YES;
				GCC_WARN_ABOUT_RETURN_TYPE = YES_ERROR;
				GCC_WARN_UNDECLARED_SELECTOR = YES;
				GCC_WARN_UNINITIALIZED_AUTOS = YES_AGGRESSIVE;
				GCC_WARN_UNUSED_FUNCTION = YES;
				GCC_WARN_UNUSED_VARIABLE = YES;
				IPHONEOS_DEPLOYMENT_TARGET = 7.1;
				ONLY_ACTIVE_ARCH = YES;
				SDKROOT = iphoneos;
				TARGETED_DEVICE_FAMILY = "1,2";
			};
			name = Debug;
		};
		E14E30F419BBCCB200F6693A /* Release */ = {
			isa = XCBuildConfiguration;
			buildSettings = {
				ALWAYS_SEARCH_USER_PATHS = NO;
				CLANG_CXX_LANGUAGE_STANDARD = "gnu++0x";
				CLANG_CXX_LIBRARY = "libc++";
				CLANG_ENABLE_MODULES = YES;
				CLANG_ENABLE_OBJC_ARC = YES;
				CLANG_WARN_BOOL_CONVERSION = YES;
				CLANG_WARN_CONSTANT_CONVERSION = YES;
				CLANG_WARN_DIRECT_OBJC_ISA_USAGE = YES_ERROR;
				CLANG_WARN_EMPTY_BODY = YES;
				CLANG_WARN_ENUM_CONVERSION = YES;
				CLANG_WARN_INT_CONVERSION = YES;
				CLANG_WARN_OBJC_ROOT_CLASS = YES_ERROR;
				CLANG_WARN__DUPLICATE_METHOD_MATCH = YES;
				"CODE_SIGN_IDENTITY[sdk=iphoneos*]" = "iPhone Developer";
				COPY_PHASE_STRIP = YES;
				ENABLE_NS_ASSERTIONS = NO;
				GCC_C_LANGUAGE_STANDARD = gnu99;
				GCC_WARN_64_TO_32_BIT_CONVERSION = YES;
				GCC_WARN_ABOUT_RETURN_TYPE = YES_ERROR;
				GCC_WARN_UNDECLARED_SELECTOR = YES;
				GCC_WARN_UNINITIALIZED_AUTOS = YES_AGGRESSIVE;
				GCC_WARN_UNUSED_FUNCTION = YES;
				GCC_WARN_UNUSED_VARIABLE = YES;
				IPHONEOS_DEPLOYMENT_TARGET = 7.1;
				SDKROOT = iphoneos;
				TARGETED_DEVICE_FAMILY = "1,2";
				VALIDATE_PRODUCT = YES;
			};
			name = Release;
		};
		E14E30F619BBCCB200F6693A /* Debug */ = {
			isa = XCBuildConfiguration;
			buildSettings = {
				ASSETCATALOG_COMPILER_APPICON_NAME = AppIcon;
				ASSETCATALOG_COMPILER_LAUNCHIMAGE_NAME = LaunchImage;
				GCC_PRECOMPILE_PREFIX_HEADER = YES;
				GCC_PREFIX_HEADER = "MAC_NFL_Demo/MAC_NFL_Demo-Prefix.pch";
				INFOPLIST_FILE = "MAC_NFL_Demo/MAC_NFL_Demo-Info.plist";
				PRODUCT_NAME = "$(TARGET_NAME)";
				WRAPPER_EXTENSION = app;
			};
			name = Debug;
		};
		E14E30F719BBCCB200F6693A /* Release */ = {
			isa = XCBuildConfiguration;
			buildSettings = {
				ASSETCATALOG_COMPILER_APPICON_NAME = AppIcon;
				ASSETCATALOG_COMPILER_LAUNCHIMAGE_NAME = LaunchImage;
				GCC_PRECOMPILE_PREFIX_HEADER = YES;
				GCC_PREFIX_HEADER = "MAC_NFL_Demo/MAC_NFL_Demo-Prefix.pch";
				INFOPLIST_FILE = "MAC_NFL_Demo/MAC_NFL_Demo-Info.plist";
				PRODUCT_NAME = "$(TARGET_NAME)";
				WRAPPER_EXTENSION = app;
			};
			name = Release;
		};
		E14E30F919BBCCB200F6693A /* Debug */ = {
			isa = XCBuildConfiguration;
			buildSettings = {
				BUNDLE_LOADER = "$(BUILT_PRODUCTS_DIR)/MAC_NFL_Demo.app/MAC_NFL_Demo";
				FRAMEWORK_SEARCH_PATHS = (
					"$(SDKROOT)/Developer/Library/Frameworks",
					"$(inherited)",
					"$(DEVELOPER_FRAMEWORKS_DIR)",
				);
				GCC_PRECOMPILE_PREFIX_HEADER = YES;
				GCC_PREFIX_HEADER = "MAC_NFL_Demo/MAC_NFL_Demo-Prefix.pch";
				GCC_PREPROCESSOR_DEFINITIONS = (
					"DEBUG=1",
					"$(inherited)",
				);
				INFOPLIST_FILE = "MAC_NFL_DemoTests/MAC_NFL_DemoTests-Info.plist";
				PRODUCT_NAME = "$(TARGET_NAME)";
				TEST_HOST = "$(BUNDLE_LOADER)";
				WRAPPER_EXTENSION = xctest;
			};
			name = Debug;
		};
		E14E30FA19BBCCB200F6693A /* Release */ = {
			isa = XCBuildConfiguration;
			buildSettings = {
				BUNDLE_LOADER = "$(BUILT_PRODUCTS_DIR)/MAC_NFL_Demo.app/MAC_NFL_Demo";
				FRAMEWORK_SEARCH_PATHS = (
					"$(SDKROOT)/Developer/Library/Frameworks",
					"$(inherited)",
					"$(DEVELOPER_FRAMEWORKS_DIR)",
				);
				GCC_PRECOMPILE_PREFIX_HEADER = YES;
				GCC_PREFIX_HEADER = "MAC_NFL_Demo/MAC_NFL_Demo-Prefix.pch";
				INFOPLIST_FILE = "MAC_NFL_DemoTests/MAC_NFL_DemoTests-Info.plist";
				PRODUCT_NAME = "$(TARGET_NAME)";
				TEST_HOST = "$(BUNDLE_LOADER)";
				WRAPPER_EXTENSION = xctest;
			};
			name = Release;
		};
/* End XCBuildConfiguration section */

/* Begin XCConfigurationList section */
		E14E30BB19BBCCB200F6693A /* Build configuration list for PBXProject "MAC_NFL_Demo" */ = {
			isa = XCConfigurationList;
			buildConfigurations = (
				E14E30F319BBCCB200F6693A /* Debug */,
				E14E30F419BBCCB200F6693A /* Release */,
			);
			defaultConfigurationIsVisible = 0;
			defaultConfigurationName = Release;
		};
		E14E30F519BBCCB200F6693A /* Build configuration list for PBXNativeTarget "MAC_NFL_Demo" */ = {
			isa = XCConfigurationList;
			buildConfigurations = (
				E14E30F619BBCCB200F6693A /* Debug */,
				E14E30F719BBCCB200F6693A /* Release */,
			);
			defaultConfigurationIsVisible = 0;
			defaultConfigurationName = Release;
		};
		E14E30F819BBCCB200F6693A /* Build configuration list for PBXNativeTarget "MAC_NFL_DemoTests" */ = {
			isa = XCConfigurationList;
			buildConfigurations = (
				E14E30F919BBCCB200F6693A /* Debug */,
				E14E30FA19BBCCB200F6693A /* Release */,
			);
			defaultConfigurationIsVisible = 0;
			defaultConfigurationName = Release;
		};
/* End XCConfigurationList section */
	};
	rootObject = E14E30B819BBCCB200F6693A /* Project object */;
}
